{
  "requires": true,
  "lockfileVersion": 1,
  "dependencies": {
    "blueimp-gallery": {
      "version": "2.33.0",
      "resolved": "https://registry.npmjs.org/blueimp-gallery/-/blueimp-gallery-2.33.0.tgz",
      "integrity": "sha512-gz++nODmcJkENLXizdazy4z4EqoJCXyOisrH6M/fR3JE507yO+tPgoEsRCBggGwMAmQsu6kWACfldlq7RIa+Lg=="
    }
  }
}
